
Microsoft Visual Studio Solution File, Format Version 11.00
# Visual C++ Express 2010
Project("{8BC9CEB8-8B4A-11D0-8D11-00A0C91BC942}") = "TOR SANECZKOWY", "TOR SANECZKOWY\TOR SANECZKOWY.vcxproj", "{39E87A2E-9F0D-48A9-B0E4-E9A70229CA38}"
EndProject
Global
	GlobalSection(SolutionConfigurationPlatforms) = preSolution
		Debug|Win32 = Debug|Win32
		Release|Win32 = Release|Win32
	EndGlobalSection
	GlobalSection(ProjectConfigurationPlatforms) = postSolution
		{39E87A2E-9F0D-48A9-B0E4-E9A70229CA38}.Debug|Win32.ActiveCfg = Debug|Win32
		{39E87A2E-9F0D-48A9-B0E4-E9A70229CA38}.Debug|Win32.Build.0 = Debug|Win32
		{39E87A2E-9F0D-48A9-B0E4-E9A70229CA38}.Release|Win32.ActiveCfg = Release|Win32
		{39E87A2E-9F0D-48A9-B0E4-E9A70229CA38}.Release|Win32.Build.0 = Release|Win32
	EndGlobalSection
	GlobalSection(SolutionProperties) = preSolution
		HideSolutionNode = FALSE
	EndGlobalSection
EndGlobal
